
Microsoft Visual Studio Solution File, Format Version 12.00
# Visual Studio Version 17
VisualStudioVersion = 17.1.32228.430
MinimumVisualStudioVersion = 10.0.40219.1
Project("{FAE04EC0-301F-11D3-BF4B-00C04F79EFBC}") = "Calculadora.Android", "Calculadora\Calculadora.Android\Calculadora.Android.csproj", "{EC3C6C84-EB55-4B37-9F9B-289804BE567E}"
EndProject
Project("{FAE04EC0-301F-11D3-BF4B-00C04F79EFBC}") = "Calculadora.iOS", "Calculadora\Calculadora.iOS\Calculadora.iOS.csproj", "{DB743B03-96A5-489F-99ED-EAE43DD53C5D}"
EndProject
Project("{FAE04EC0-301F-11D3-BF4B-00C04F79EFBC}") = "Calculadora", "Calculadora\Calculadora\Calculadora.csproj", "{2B8EC665-2206-4009-8B8C-A400AED8C8A2}"
EndProject
Global
	GlobalSection(SolutionConfigurationPlatforms) = preSolution
		Debug|Any CPU = Debug|Any CPU
		Debug|iPhone = Debug|iPhone
		Debug|iPhoneSimulator = Debug|iPhoneSimulator
		Release|Any CPU = Release|Any CPU
		Release|iPhone = Release|iPhone
		Release|iPhoneSimulator = Release|iPhoneSimulator
	EndGlobalSection
	GlobalSection(ProjectConfigurationPlatforms) = postSolution
		{EC3C6C84-EB55-4B37-9F9B-289804BE567E}.Debug|Any CPU.ActiveCfg = Debug|Any CPU
		{EC3C6C84-EB55-4B37-9F9B-289804BE567E}.Debug|Any CPU.Build.0 = Debug|Any CPU
		{EC3C6C84-EB55-4B37-9F9B-289804BE567E}.Debug|Any CPU.Deploy.0 = Debug|Any CPU
		{EC3C6C84-EB55-4B37-9F9B-289804BE567E}.Debug|iPhone.ActiveCfg = Debug|Any CPU
		{EC3C6C84-EB55-4B37-9F9B-289804BE567E}.Debug|iPhone.Build.0 = Debug|Any CPU
		{EC3C6C84-EB55-4B37-9F9B-289804BE567E}.Debug|iPhone.Deploy.0 = Debug|Any CPU
		{EC3C6C84-EB55-4B37-9F9B-289804BE567E}.Debug|iPhoneSimulator.ActiveCfg = Debug|Any CPU
		{EC3C6C84-EB55-4B37-9F9B-289804BE567E}.Debug|iPhoneSimulator.Build.0 = Debug|Any CPU
		{EC3C6C84-EB55-4B37-9F9B-289804BE567E}.Debug|iPhoneSimulator.Deploy.0 = Debug|Any CPU
		{EC3C6C84-EB55-4B37-9F9B-289804BE567E}.Release|Any CPU.ActiveCfg = Release|Any CPU
		{EC3C6C84-EB55-4B37-9F9B-289804BE567E}.Release|Any CPU.Build.0 = Release|Any CPU
		{EC3C6C84-EB55-4B37-9F9B-289804BE567E}.Release|Any CPU.Deploy.0 = Release|Any CPU
		{EC3C6C84-EB55-4B37-9F9B-289804BE567E}.Release|iPhone.ActiveCfg = Release|Any CPU
		{EC3C6C84-EB55-4B37-9F9B-289804BE567E}.Release|iPhone.Build.0 = Release|Any CPU
		{EC3C6C84-EB55-4B37-9F9B-289804BE567E}.Release|iPhone.Deploy.0 = Release|Any CPU
		{EC3C6C84-EB55-4B37-9F9B-289804BE567E}.Release|iPhoneSimulator.ActiveCfg = Release|Any CPU
		{EC3C6C84-EB55-4B37-9F9B-289804BE567E}.Release|iPhoneSimulator.Build.0 = Release|Any CPU
		{EC3C6C84-EB55-4B37-9F9B-289804BE567E}.Release|iPhoneSimulator.Deploy.0 = Release|Any CPU
		{DB743B03-96A5-489F-99ED-EAE43DD53C5D}.Debug|Any CPU.ActiveCfg = Debug|iPhone
		{DB743B03-96A5-489F-99ED-EAE43DD53C5D}.Debug|Any CPU.Build.0 = Debug|iPhone
		{DB743B03-96A5-489F-99ED-EAE43DD53C5D}.Debug|Any CPU.Deploy.0 = Debug|iPhone
		{DB743B03-96A5-489F-99ED-EAE43DD53C5D}.Debug|iPhone.ActiveCfg = Debug|iPhone
		{DB743B03-96A5-489F-99ED-EAE43DD53C5D}.Debug|iPhone.Build.0 = Debug|iPhone
		{DB743B03-96A5-489F-99ED-EAE43DD53C5D}.Debug|iPhone.Deploy.0 = Debug|iPhone
		{DB743B03-96A5-489F-99ED-EAE43DD53C5D}.Debug|iPhoneSimulator.ActiveCfg = Debug|iPhoneSimulator
		{DB743B03-96A5-489F-99ED-EAE43DD53C5D}.Debug|iPhoneSimulator.Build.0 = Debug|iPhoneSimulator
		{DB743B03-96A5-489F-99ED-EAE43DD53C5D}.Debug|iPhoneSimulator.Deploy.0 = Debug|iPhoneSimulator
		{DB743B03-96A5-489F-99ED-EAE43DD53C5D}.Release|Any CPU.ActiveCfg = Release|iPhoneSimulator
		{DB743B03-96A5-489F-99ED-EAE43DD53C5D}.Release|Any CPU.Build.0 = Release|iPhoneSimulator
		{DB743B03-96A5-489F-99ED-EAE43DD53C5D}.Release|Any CPU.Deploy.0 = Release|iPhoneSimulator
		{DB743B03-96A5-489F-99ED-EAE43DD53C5D}.Release|iPhone.ActiveCfg = Release|iPhone
		{DB743B03-96A5-489F-99ED-EAE43DD53C5D}.Release|iPhone.Build.0 = Release|iPhone
		{DB743B03-96A5-489F-99ED-EAE43DD53C5D}.Release|iPhone.Deploy.0 = Release|iPhone
		{DB743B03-96A5-489F-99ED-EAE43DD53C5D}.Release|iPhoneSimulator.ActiveCfg = Release|iPhoneSimulator
		{DB743B03-96A5-489F-99ED-EAE43DD53C5D}.Release|iPhoneSimulator.Build.0 = Release|iPhoneSimulator
		{DB743B03-96A5-489F-99ED-EAE43DD53C5D}.Release|iPhoneSimulator.Deploy.0 = Release|iPhoneSimulator
		{2B8EC665-2206-4009-8B8C-A400AED8C8A2}.Debug|Any CPU.ActiveCfg = Debug|Any CPU
		{2B8EC665-2206-4009-8B8C-A400AED8C8A2}.Debug|Any CPU.Build.0 = Debug|Any CPU
		{2B8EC665-2206-4009-8B8C-A400AED8C8A2}.Debug|Any CPU.Deploy.0 = Debug|Any CPU
		{2B8EC665-2206-4009-8B8C-A400AED8C8A2}.Debug|iPhone.ActiveCfg = Debug|Any CPU
		{2B8EC665-2206-4009-8B8C-A400AED8C8A2}.Debug|iPhone.Build.0 = Debug|Any CPU
		{2B8EC665-2206-4009-8B8C-A400AED8C8A2}.Debug|iPhone.Deploy.0 = Debug|Any CPU
		{2B8EC665-2206-4009-8B8C-A400AED8C8A2}.Debug|iPhoneSimulator.ActiveCfg = Debug|Any CPU
		{2B8EC665-2206-4009-8B8C-A400AED8C8A2}.Debug|iPhoneSimulator.Build.0 = Debug|Any CPU
		{2B8EC665-2206-4009-8B8C-A400AED8C8A2}.Debug|iPhoneSimulator.Deploy.0 = Debug|Any CPU
		{2B8EC665-2206-4009-8B8C-A400AED8C8A2}.Release|Any CPU.ActiveCfg = Release|Any CPU
		{2B8EC665-2206-4009-8B8C-A400AED8C8A2}.Release|Any CPU.Build.0 = Release|Any CPU
		{2B8EC665-2206-4009-8B8C-A400AED8C8A2}.Release|Any CPU.Deploy.0 = Release|Any CPU
		{2B8EC665-2206-4009-8B8C-A400AED8C8A2}.Release|iPhone.ActiveCfg = Release|Any CPU
		{2B8EC665-2206-4009-8B8C-A400AED8C8A2}.Release|iPhone.Build.0 = Release|Any CPU
		{2B8EC665-2206-4009-8B8C-A400AED8C8A2}.Release|iPhone.Deploy.0 = Release|Any CPU
		{2B8EC665-2206-4009-8B8C-A400AED8C8A2}.Release|iPhoneSimulator.ActiveCfg = Release|Any CPU
		{2B8EC665-2206-4009-8B8C-A400AED8C8A2}.Release|iPhoneSimulator.Build.0 = Release|Any CPU
		{2B8EC665-2206-4009-8B8C-A400AED8C8A2}.Release|iPhoneSimulator.Deploy.0 = Release|Any CPU
	EndGlobalSection
	GlobalSection(SolutionProperties) = preSolution
		HideSolutionNode = FALSE
	EndGlobalSection
	GlobalSection(ExtensibilityGlobals) = postSolution
		SolutionGuid = {AD8F6546-9FAA-4E56-B1E8-5058CFBFE05B}
	EndGlobalSection
EndGlobal
